
Microsoft Visual Studio Solution File, Format Version 12.00
# Visual Studio Version 17
VisualStudioVersion = 17.9.34701.34
MinimumVisualStudioVersion = 10.0.40219.1
Project("{FAE04EC0-301F-11D3-BF4B-00C04F79EFBC}") = "MyListWebApplication", "MyListWebApplication\MyListWebApplication.csproj", "{6384B989-0099-4B62-93BE-699540F8A79D}"
EndProject
Global
	GlobalSection(SolutionConfigurationPlatforms) = preSolution
		Debug|Any CPU = Debug|Any CPU
		Release|Any CPU = Release|Any CPU
	EndGlobalSection
	GlobalSection(ProjectConfigurationPlatforms) = postSolution
		{6384B989-0099-4B62-93BE-699540F8A79D}.Debug|Any CPU.ActiveCfg = Debug|Any CPU
		{6384B989-0099-4B62-93BE-699540F8A79D}.Debug|Any CPU.Build.0 = Debug|Any CPU
		{6384B989-0099-4B62-93BE-699540F8A79D}.Release|Any CPU.ActiveCfg = Release|Any CPU
		{6384B989-0099-4B62-93BE-699540F8A79D}.Release|Any CPU.Build.0 = Release|Any CPU
	EndGlobalSection
	GlobalSection(SolutionProperties) = preSolution
		HideSolutionNode = FALSE
	EndGlobalSection
	GlobalSection(ExtensibilityGlobals) = postSolution
		SolutionGuid = {53A61A3D-D72B-4A7B-A97A-19F69398D59D}
	EndGlobalSection
EndGlobal
